
Microsoft Visual Studio Solution File, Format Version 12.00
# Visual Studio Version 16
VisualStudioVersion = 16.0.29215.179
MinimumVisualStudioVersion = 10.0.40219.1
Project("{FAE04EC0-301F-11D3-BF4B-00C04F79EFBC}") = "SimpleTextEditor", "SimpleTextEditor.csproj", "{9DFB1843-017D-4944-9B47-5DE0BC8BEAE7}"
EndProject
Global
	GlobalSection(SolutionConfigurationPlatforms) = preSolution
		Debug|Any CPU = Debug|Any CPU
		Release|Any CPU = Release|Any CPU
	EndGlobalSection
	GlobalSection(ProjectConfigurationPlatforms) = postSolution
		{9DFB1843-017D-4944-9B47-5DE0BC8BEAE7}.Debug|Any CPU.ActiveCfg = Debug|Any CPU
		{9DFB1843-017D-4944-9B47-5DE0BC8BEAE7}.Debug|Any CPU.Build.0 = Debug|Any CPU
		{9DFB1843-017D-4944-9B47-5DE0BC8BEAE7}.Release|Any CPU.ActiveCfg = Release|Any CPU
		{9DFB1843-017D-4944-9B47-5DE0BC8BEAE7}.Release|Any CPU.Build.0 = Release|Any CPU
	EndGlobalSection
	GlobalSection(SolutionProperties) = preSolution
		HideSolutionNode = FALSE
	EndGlobalSection
	GlobalSection(ExtensibilityGlobals) = postSolution
		SolutionGuid = {E33703DE-EDBC-48F5-8EF8-890F60854EAA}
	EndGlobalSection
EndGlobal
